// !$*UTF8*$!
{
	archiveVersion = 1;
	classes = {
	};
	objectVersion = 51;
	objects = {

/* Begin PBXBuildFile section */
		18D7B2FAA2F5FE41612C9A85 /* Pods_FriendlyChat.framework in Frameworks */ = {isa = PBXBuildFile; fileRef = 7C0E4641C3F02A8A79D00DDA /* Pods_FriendlyChat.framework */; };
		AD1BA7D72312D66D00AF2F4F /* DataService.swift in Sources */ = {isa = PBXBuildFile; fileRef = AD1BA7D62312D66D00AF2F4F /* DataService.swift */; };
		AD1BA7D92312EBE400AF2F4F /* AuthVC.swift in Sources */ = {isa = PBXBuildFile; fileRef = AD1BA7D82312EBE400AF2F4F /* AuthVC.swift */; };
		AD1BA7DB2312EC8C00AF2F4F /* LoginVC.swift in Sources */ = {isa = PBXBuildFile; fileRef = AD1BA7DA2312EC8C00AF2F4F /* LoginVC.swift */; };
		AD1BA7DE2312ED2D00AF2F4F /* InsertTextField.swift in Sources */ = {isa = PBXBuildFile; fileRef = AD1BA7DD2312ED2D00AF2F4F /* InsertTextField.swift */; };
		AD1BA7E02312F85400AF2F4F /* ShadowView.swift in Sources */ = {isa = PBXBuildFile; fileRef = AD1BA7DF2312F85400AF2F4F /* ShadowView.swift */; };
		AD1BA7E22312FAA200AF2F4F /* AuthService.swift in Sources */ = {isa = PBXBuildFile; fileRef = AD1BA7E12312FAA200AF2F4F /* AuthService.swift */; };
		AD6208A22312D32700134AB1 /* AppDelegate.swift in Sources */ = {isa = PBXBuildFile; fileRef = AD6208A12312D32700134AB1 /* AppDelegate.swift */; };
		AD6208A42312D32700134AB1 /* FeedVC.swift in Sources */ = {isa = PBXBuildFile; fileRef = AD6208A32312D32700134AB1 /* FeedVC.swift */; };
		AD6208A62312D32700134AB1 /* GroupsVC.swift in Sources */ = {isa = PBXBuildFile; fileRef = AD6208A52312D32700134AB1 /* GroupsVC.swift */; };
		AD6208A92312D32700134AB1 /* Main.storyboard in Resources */ = {isa = PBXBuildFile; fileRef = AD6208A72312D32700134AB1 /* Main.storyboard */; };
		AD6208AB2312D32800134AB1 /* Assets.xcassets in Resources */ = {isa = PBXBuildFile; fileRef = AD6208AA2312D32800134AB1 /* Assets.xcassets */; };
		AD6208AE2312D32800134AB1 /* LaunchScreen.storyboard in Resources */ = {isa = PBXBuildFile; fileRef = AD6208AC2312D32800134AB1 /* LaunchScreen.storyboard */; };
		AD6208BA2312D46E00134AB1 /* GoogleService-Info.plist in Resources */ = {isa = PBXBuildFile; fileRef = AD6208B92312D46E00134AB1 /* GoogleService-Info.plist */; };
/* End PBXBuildFile section */

/* Begin PBXFileReference section */
		7C0E4641C3F02A8A79D00DDA /* Pods_FriendlyChat.framework */ = {isa = PBXFileReference; explicitFileType = wrapper.framework; includeInIndex = 0; path = Pods_FriendlyChat.framework; sourceTree = BUILT_PRODUCTS_DIR; };
		AD1BA7D62312D66D00AF2F4F /* DataService.swift */ = {isa = PBXFileReference; lastKnownFileType = sourcecode.swift; path = DataService.swift; sourceTree = "<group>"; };
		AD1BA7D82312EBE400AF2F4F /* AuthVC.swift */ = {isa = PBXFileReference; lastKnownFileType = sourcecode.swift; path = AuthVC.swift; sourceTree = "<group>"; };
		AD1BA7DA2312EC8C00AF2F4F /* LoginVC.swift */ = {isa = PBXFileReference; lastKnownFileType = sourcecode.swift; path = LoginVC.swift; sourceTree = "<group>"; };
		AD1BA7DD2312ED2D00AF2F4F /* InsertTextField.swift */ = {isa = PBXFileReference; lastKnownFileType = sourcecode.swift; path = InsertTextField.swift; sourceTree = "<group>"; };
		AD1BA7DF2312F85400AF2F4F /* ShadowView.swift */ = {isa = PBXFileReference; lastKnownFileType = sourcecode.swift; path = ShadowView.swift; sourceTree = "<group>"; };
		AD1BA7E12312FAA200AF2F4F /* AuthService.swift */ = {isa = PBXFileReference; lastKnownFileType = sourcecode.swift; path = AuthService.swift; sourceTree = "<group>"; };
		AD62089E2312D32700134AB1 /* FriendlyChat.app */ = {isa = PBXFileReference; explicitFileType = wrapper.application; includeInIndex = 0; path = FriendlyChat.app; sourceTree = BUILT_PRODUCTS_DIR; };
		AD6208A12312D32700134AB1 /* AppDelegate.swift */ = {isa = PBXFileReference; lastKnownFileType = sourcecode.swift; path = AppDelegate.swift; sourceTree = "<group>"; };
		AD6208A32312D32700134AB1 /* FeedVC.swift */ = {isa = PBXFileReference; lastKnownFileType = sourcecode.swift; path = FeedVC.swift; sourceTree = "<group>"; };
		AD6208A52312D32700134AB1 /* GroupsVC.swift */ = {isa = PBXFileReference; lastKnownFileType = sourcecode.swift; path = GroupsVC.swift; sourceTree = "<group>"; };
		AD6208A82312D32700134AB1 /* Base */ = {isa = PBXFileReference; lastKnownFileType = file.storyboard; name = Base; path = Base.lproj/Main.storyboard; sourceTree = "<group>"; };
		AD6208AA2312D32800134AB1 /* Assets.xcassets */ = {isa = PBXFileReference; lastKnownFileType = folder.assetcatalog; path = Assets.xcassets; sourceTree = "<group>"; };
		AD6208AD2312D32800134AB1 /* Base */ = {isa = PBXFileReference; lastKnownFileType = file.storyboard; name = Base; path = Base.lproj/LaunchScreen.storyboard; sourceTree = "<group>"; };
		AD6208AF2312D32800134AB1 /* Info.plist */ = {isa = PBXFileReference; lastKnownFileType = text.plist.xml; path = Info.plist; sourceTree = "<group>"; };
		AD6208B92312D46E00134AB1 /* GoogleService-Info.plist */ = {isa = PBXFileReference; fileEncoding = 4; lastKnownFileType = text.plist.xml; path = "GoogleService-Info.plist"; sourceTree = "<group>"; };
		B60BABC6E8D92AE0C202670A /* Pods-FriendlyChat.debug.xcconfig */ = {isa = PBXFileReference; includeInIndex = 1; lastKnownFileType = text.xcconfig; name = "Pods-FriendlyChat.debug.xcconfig"; path = "Target Support Files/Pods-FriendlyChat/Pods-FriendlyChat.debug.xcconfig"; sourceTree = "<group>"; };
		BDC97E69F0BEEF0134CF456F /* Pods-FriendlyChat.release.xcconfig */ = {isa = PBXFileReference; includeInIndex = 1; lastKnownFileType = text.xcconfig; name = "Pods-FriendlyChat.release.xcconfig"; path = "Target Support Files/Pods-FriendlyChat/Pods-FriendlyChat.release.xcconfig"; sourceTree = "<group>"; };
/* End PBXFileReference section */

/* Begin PBXFrameworksBuildPhase section */
		AD62089B2312D32700134AB1 /* Frameworks */ = {
			isa = PBXFrameworksBuildPhase;
			buildActionMask = 2147483647;
			files = (
				18D7B2FAA2F5FE41612C9A85 /* Pods_FriendlyChat.framework in Frameworks */,
			);
			runOnlyForDeploymentPostprocessing = 0;
		};
/* End PBXFrameworksBuildPhase section */

/* Begin PBXGroup section */
		2ADDB0DA01F3E25D95D93347 /* Frameworks */ = {
			isa = PBXGroup;
			children = (
				7C0E4641C3F02A8A79D00DDA /* Pods_FriendlyChat.framework */,
			);
			name = Frameworks;
			sourceTree = "<group>";
		};
		8D50AAF23684A602D22758DB /* Pods */ = {
			isa = PBXGroup;
			children = (
				B60BABC6E8D92AE0C202670A /* Pods-FriendlyChat.debug.xcconfig */,
				BDC97E69F0BEEF0134CF456F /* Pods-FriendlyChat.release.xcconfig */,
			);
			path = Pods;
			sourceTree = "<group>";
		};
		AD1BA7DC2312ECF000AF2F4F /* View */ = {
			isa = PBXGroup;
			children = (
				AD1BA7DD2312ED2D00AF2F4F /* InsertTextField.swift */,
				AD1BA7DF2312F85400AF2F4F /* ShadowView.swift */,
			);
			path = View;
			sourceTree = "<group>";
		};
		AD6208952312D32700134AB1 = {
			isa = PBXGroup;
			children = (
				AD6208A02312D32700134AB1 /* FriendlyChat */,
				AD62089F2312D32700134AB1 /* Products */,
				8D50AAF23684A602D22758DB /* Pods */,
				2ADDB0DA01F3E25D95D93347 /* Frameworks */,
			);
			sourceTree = "<group>";
		};
		AD62089F2312D32700134AB1 /* Products */ = {
			isa = PBXGroup;
			children = (
				AD62089E2312D32700134AB1 /* FriendlyChat.app */,
			);
			name = Products;
			sourceTree = "<group>";
		};
		AD6208A02312D32700134AB1 /* FriendlyChat */ = {
			isa = PBXGroup;
			children = (
				AD1BA7DC2312ECF000AF2F4F /* View */,
				AD6208B82312D3B200134AB1 /* Services */,
				AD6208B72312D38F00134AB1 /* Extensions */,
				AD6208B62312D38600134AB1 /* Model */,
				AD6208B52312D37C00134AB1 /* Controller */,
				AD6208A12312D32700134AB1 /* AppDelegate.swift */,
				AD6208A72312D32700134AB1 /* Main.storyboard */,
				AD6208AA2312D32800134AB1 /* Assets.xcassets */,
				AD6208AC2312D32800134AB1 /* LaunchScreen.storyboard */,
				AD6208AF2312D32800134AB1 /* Info.plist */,
				AD6208B92312D46E00134AB1 /* GoogleService-Info.plist */,
			);
			path = FriendlyChat;
			sourceTree = "<group>";
		};
		AD6208B52312D37C00134AB1 /* Controller */ = {
			isa = PBXGroup;
			children = (
				AD6208A32312D32700134AB1 /* FeedVC.swift */,
				AD6208A52312D32700134AB1 /* GroupsVC.swift */,
				AD1BA7D82312EBE400AF2F4F /* AuthVC.swift */,
				AD1BA7DA2312EC8C00AF2F4F /* LoginVC.swift */,
			);
			path = Controller;
			sourceTree = "<group>";
		};
		AD6208B62312D38600134AB1 /* Model */ = {
			isa = PBXGroup;
			children = (
			);
			path = Model;
			sourceTree = "<group>";
		};
		AD6208B72312D38F00134AB1 /* Extensions */ = {
			isa = PBXGroup;
			children = (
			);
			path = Extensions;
			sourceTree = "<group>";
		};
		AD6208B82312D3B200134AB1 /* Services */ = {
			isa = PBXGroup;
			children = (
				AD1BA7D62312D66D00AF2F4F /* DataService.swift */,
				AD1BA7E12312FAA200AF2F4F /* AuthService.swift */,
			);
			path = Services;
			sourceTree = "<group>";
		};
/* End PBXGroup section */

/* Begin PBXNativeTarget section */
		AD62089D2312D32700134AB1 /* FriendlyChat */ = {
			isa = PBXNativeTarget;
			buildConfigurationList = AD6208B22312D32800134AB1 /* Build configuration list for PBXNativeTarget "FriendlyChat" */;
			buildPhases = (
				9D128EFD0FA0326DE13C2EDA /* [CP] Check Pods Manifest.lock */,
				AD62089A2312D32700134AB1 /* Sources */,
				AD62089B2312D32700134AB1 /* Frameworks */,
				AD62089C2312D32700134AB1 /* Resources */,
				FBC134DCDBD4AF83935C2A47 /* [CP] Embed Pods Frameworks */,
			);
			buildRules = (
			);
			dependencies = (
			);
			name = FriendlyChat;
			productName = FriendlyChat;
			productReference = AD62089E2312D32700134AB1 /* FriendlyChat.app */;
			productType = "com.apple.product-type.application";
		};
/* End PBXNativeTarget section */

/* Begin PBXProject section */
		AD6208962312D32700134AB1 /* Project object */ = {
			isa = PBXProject;
			attributes = {
				LastSwiftUpdateCheck = 1010;
				LastUpgradeCheck = 1010;
				ORGANIZATIONNAME = Kaiserdem;
				TargetAttributes = {
					AD62089D2312D32700134AB1 = {
						CreatedOnToolsVersion = 10.1;
					};
				};
			};
			buildConfigurationList = AD6208992312D32700134AB1 /* Build configuration list for PBXProject "FriendlyChat" */;
			compatibilityVersion = "Xcode 9.3";
			developmentRegion = en;
			hasScannedForEncodings = 0;
			knownRegions = (
				en,
				Base,
			);
			mainGroup = AD6208952312D32700134AB1;
			productRefGroup = AD62089F2312D32700134AB1 /* Products */;
			projectDirPath = "";
			projectRoot = "";
			targets = (
				AD62089D2312D32700134AB1 /* FriendlyChat */,
			);
		};
/* End PBXProject section */

/* Begin PBXResourcesBuildPhase section */
		AD62089C2312D32700134AB1 /* Resources */ = {
			isa = PBXResourcesBuildPhase;
			buildActionMask = 2147483647;
			files = (
				AD6208AE2312D32800134AB1 /* LaunchScreen.storyboard in Resources */,
				AD6208BA2312D46E00134AB1 /* GoogleService-Info.plist in Resources */,
				AD6208AB2312D32800134AB1 /* Assets.xcassets in Resources */,
				AD6208A92312D32700134AB1 /* Main.storyboard in Resources */,
			);
			runOnlyForDeploymentPostprocessing = 0;
		};
/* End PBXResourcesBuildPhase section */

/* Begin PBXShellScriptBuildPhase section */
		9D128EFD0FA0326DE13C2EDA /* [CP] Check Pods Manifest.lock */ = {
			isa = PBXShellScriptBuildPhase;
			buildActionMask = 2147483647;
			files = (
			);
			inputFileListPaths = (
			);
			inputPaths = (
				"${PODS_PODFILE_DIR_PATH}/Podfile.lock",
				"${PODS_ROOT}/Manifest.lock",
			);
			name = "[CP] Check Pods Manifest.lock";
			outputFileListPaths = (
			);
			outputPaths = (
				"$(DERIVED_FILE_DIR)/Pods-FriendlyChat-checkManifestLockResult.txt",
			);
			runOnlyForDeploymentPostprocessing = 0;
			shellPath = /bin/sh;
			shellScript = "diff \"${PODS_PODFILE_DIR_PATH}/Podfile.lock\" \"${PODS_ROOT}/Manifest.lock\" > /dev/null\nif [ $? != 0 ] ; then\n    # print error to STDERR\n    echo \"error: The sandbox is not in sync with the Podfile.lock. Run 'pod install' or update your CocoaPods installation.\" >&2\n    exit 1\nfi\n# This output is used by Xcode 'outputs' to avoid re-running this script phase.\necho \"SUCCESS\" > \"${SCRIPT_OUTPUT_FILE_0}\"\n";
			showEnvVarsInLog = 0;
		};
		FBC134DCDBD4AF83935C2A47 /* [CP] Embed Pods Frameworks */ = {
			isa = PBXShellScriptBuildPhase;
			buildActionMask = 2147483647;
			files = (
			);
			inputFileListPaths = (
				"${PODS_ROOT}/Target Support Files/Pods-FriendlyChat/Pods-FriendlyChat-frameworks-${CONFIGURATION}-input-files.xcfilelist",
			);
			name = "[CP] Embed Pods Frameworks";
			outputFileListPaths = (
				"${PODS_ROOT}/Target Support Files/Pods-FriendlyChat/Pods-FriendlyChat-frameworks-${CONFIGURATION}-output-files.xcfilelist",
			);
			runOnlyForDeploymentPostprocessing = 0;
			shellPath = /bin/sh;
			shellScript = "\"${PODS_ROOT}/Target Support Files/Pods-FriendlyChat/Pods-FriendlyChat-frameworks.sh\"\n";
			showEnvVarsInLog = 0;
		};
/* End PBXShellScriptBuildPhase section */

/* Begin PBXSourcesBuildPhase section */
		AD62089A2312D32700134AB1 /* Sources */ = {
			isa = PBXSourcesBuildPhase;
			buildActionMask = 2147483647;
			files = (
				AD1BA7DE2312ED2D00AF2F4F /* InsertTextField.swift in Sources */,
				AD1BA7D92312EBE400AF2F4F /* AuthVC.swift in Sources */,
				AD6208A62312D32700134AB1 /* GroupsVC.swift in Sources */,
				AD1BA7E22312FAA200AF2F4F /* AuthService.swift in Sources */,
				AD1BA7DB2312EC8C00AF2F4F /* LoginVC.swift in Sources */,
				AD1BA7E02312F85400AF2F4F /* ShadowView.swift in Sources */,
				AD6208A22312D32700134AB1 /* AppDelegate.swift in Sources */,
				AD6208A42312D32700134AB1 /* FeedVC.swift in Sources */,
				AD1BA7D72312D66D00AF2F4F /* DataService.swift in Sources */,
			);
			runOnlyForDeploymentPostprocessing = 0;
		};
/* End PBXSourcesBuildPhase section */

/* Begin PBXVariantGroup section */
		AD6208A72312D32700134AB1 /* Main.storyboard */ = {
			isa = PBXVariantGroup;
			children = (
				AD6208A82312D32700134AB1 /* Base */,
			);
			name = Main.storyboard;
			sourceTree = "<group>";
		};
		AD6208AC2312D32800134AB1 /* LaunchScreen.storyboard */ = {
			isa = PBXVariantGroup;
			children = (
				AD6208AD2312D32800134AB1 /* Base */,
			);
			name = LaunchScreen.storyboard;
			sourceTree = "<group>";
		};
/* End PBXVariantGroup section */

/* Begin XCBuildConfiguration section */
		AD6208B02312D32800134AB1 /* Debug */ = {
			isa = XCBuildConfiguration;
			buildSettings = {
				ALWAYS_SEARCH_USER_PATHS = NO;
				CLANG_ANALYZER_NONNULL = YES;
				CLANG_ANALYZER_NUMBER_OBJECT_CONVERSION = YES_AGGRESSIVE;
				CLANG_CXX_LANGUAGE_STANDARD = "gnu++14";
				CLANG_CXX_LIBRARY = "libc++";
				CLANG_ENABLE_MODULES = YES;
				CLANG_ENABLE_OBJC_ARC = YES;
				CLANG_ENABLE_OBJC_WEAK = YES;
				CLANG_WARN_BLOCK_CAPTURE_AUTORELEASING = YES;
				CLANG_WARN_BOOL_CONVERSION = YES;
				CLANG_WARN_COMMA = YES;
				CLANG_WARN_CONSTANT_CONVERSION = YES;
				CLANG_WARN_DEPRECATED_OBJC_IMPLEMENTATIONS = YES;
				CLANG_WARN_DIRECT_OBJC_ISA_USAGE = YES_ERROR;
				CLANG_WARN_DOCUMENTATION_COMMENTS = YES;
				CLANG_WARN_EMPTY_BODY = YES;
				CLANG_WARN_ENUM_CONVERSION = YES;
				CLANG_WARN_INFINITE_RECURSION = YES;
				CLANG_WARN_INT_CONVERSION = YES;
				CLANG_WARN_NON_LITERAL_NULL_CONVERSION = YES;
				CLANG_WARN_OBJC_IMPLICIT_RETAIN_SELF = YES;
				CLANG_WARN_OBJC_LITERAL_CONVERSION = YES;
				CLANG_WARN_OBJC_ROOT_CLASS = YES_ERROR;
				CLANG_WARN_RANGE_LOOP_ANALYSIS = YES;
				CLANG_WARN_STRICT_PROTOTYPES = YES;
				CLANG_WARN_SUSPICIOUS_MOVE = YES;
				CLANG_WARN_UNGUARDED_AVAILABILITY = YES_AGGRESSIVE;
				CLANG_WARN_UNREACHABLE_CODE = YES;
				CLANG_WARN__DUPLICATE_METHOD_MATCH = YES;
				CODE_SIGN_IDENTITY = "iPhone Developer";
				COPY_PHASE_STRIP = NO;
				DEBUG_INFORMATION_FORMAT = dwarf;
				ENABLE_STRICT_OBJC_MSGSEND = YES;
				ENABLE_TESTABILITY = YES;
				GCC_C_LANGUAGE_STANDARD = gnu11;
				GCC_DYNAMIC_NO_PIC = NO;
				GCC_NO_COMMON_BLOCKS = YES;
				GCC_OPTIMIZATION_LEVEL = 0;
				GCC_PREPROCESSOR_DEFINITIONS = (
					"DEBUG=1",
					"$(inherited)",
				);
				GCC_WARN_64_TO_32_BIT_CONVERSION = YES;
				GCC_WARN_ABOUT_RETURN_TYPE = YES_ERROR;
				GCC_WARN_UNDECLARED_SELECTOR = YES;
				GCC_WARN_UNINITIALIZED_AUTOS = YES_AGGRESSIVE;
				GCC_WARN_UNUSED_FUNCTION = YES;
				GCC_WARN_UNUSED_VARIABLE = YES;
				IPHONEOS_DEPLOYMENT_TARGET = 12.1;
				MTL_ENABLE_DEBUG_INFO = INCLUDE_SOURCE;
				MTL_FAST_MATH = YES;
				ONLY_ACTIVE_ARCH = YES;
				SDKROOT = iphoneos;
				SWIFT_ACTIVE_COMPILATION_CONDITIONS = DEBUG;
				SWIFT_OPTIMIZATION_LEVEL = "-Onone";
			};
			name = Debug;
		};
		AD6208B12312D32800134AB1 /* Release */ = {
			isa = XCBuildConfiguration;
			buildSettings = {
				ALWAYS_SEARCH_USER_PATHS = NO;
				CLANG_ANALYZER_NONNULL = YES;
				CLANG_ANALYZER_NUMBER_OBJECT_CONVERSION = YES_AGGRESSIVE;
				CLANG_CXX_LANGUAGE_STANDARD = "gnu++14";
				CLANG_CXX_LIBRARY = "libc++";
				CLANG_ENABLE_MODULES = YES;
				CLANG_ENABLE_OBJC_ARC = YES;
				CLANG_ENABLE_OBJC_WEAK = YES;
				CLANG_WARN_BLOCK_CAPTURE_AUTORELEASING = YES;
				CLANG_WARN_BOOL_CONVERSION = YES;
				CLANG_WARN_COMMA = YES;
				CLANG_WARN_CONSTANT_CONVERSION = YES;
				CLANG_WARN_DEPRECATED_OBJC_IMPLEMENTATIONS = YES;
				CLANG_WARN_DIRECT_OBJC_ISA_USAGE = YES_ERROR;
				CLANG_WARN_DOCUMENTATION_COMMENTS = YES;
				CLANG_WARN_EMPTY_BODY = YES;
				CLANG_WARN_ENUM_CONVERSION = YES;
				CLANG_WARN_INFINITE_RECURSION = YES;
				CLANG_WARN_INT_CONVERSION = YES;
				CLANG_WARN_NON_LITERAL_NULL_CONVERSION = YES;
				CLANG_WARN_OBJC_IMPLICIT_RETAIN_SELF = YES;
				CLANG_WARN_OBJC_LITERAL_CONVERSION = YES;
				CLANG_WARN_OBJC_ROOT_CLASS = YES_ERROR;
				CLANG_WARN_RANGE_LOOP_ANALYSIS = YES;
				CLANG_WARN_STRICT_PROTOTYPES = YES;
				CLANG_WARN_SUSPICIOUS_MOVE = YES;
				CLANG_WARN_UNGUARDED_AVAILABILITY = YES_AGGRESSIVE;
				CLANG_WARN_UNREACHABLE_CODE = YES;
				CLANG_WARN__DUPLICATE_METHOD_MATCH = YES;
				CODE_SIGN_IDENTITY = "iPhone Developer";
				COPY_PHASE_STRIP = NO;
				DEBUG_INFORMATION_FORMAT = "dwarf-with-dsym";
				ENABLE_NS_ASSERTIONS = NO;
				ENABLE_STRICT_OBJC_MSGSEND = YES;
				GCC_C_LANGUAGE_STANDARD = gnu11;
				GCC_NO_COMMON_BLOCKS = YES;
				GCC_WARN_64_TO_32_BIT_CONVERSION = YES;
				GCC_WARN_ABOUT_RETURN_TYPE = YES_ERROR;
				GCC_WARN_UNDECLARED_SELECTOR = YES;
				GCC_WARN_UNINITIALIZED_AUTOS = YES_AGGRESSIVE;
				GCC_WARN_UNUSED_FUNCTION = YES;
				GCC_WARN_UNUSED_VARIABLE = YES;
				IPHONEOS_DEPLOYMENT_TARGET = 12.1;
				MTL_ENABLE_DEBUG_INFO = NO;
				MTL_FAST_MATH = YES;
				SDKROOT = iphoneos;
				SWIFT_COMPILATION_MODE = wholemodule;
				SWIFT_OPTIMIZATION_LEVEL = "-O";
				VALIDATE_PRODUCT = YES;
			};
			name = Release;
		};
		AD6208B32312D32800134AB1 /* Debug */ = {
			isa = XCBuildConfiguration;
			baseConfigurationReference = B60BABC6E8D92AE0C202670A /* Pods-FriendlyChat.debug.xcconfig */;
			buildSettings = {
				ASSETCATALOG_COMPILER_APPICON_NAME = AppIcon;
				CODE_SIGN_STYLE = Automatic;
				DEVELOPMENT_TEAM = Q2TWT4N9WP;
				INFOPLIST_FILE = FriendlyChat/Info.plist;
				LD_RUNPATH_SEARCH_PATHS = (
					"$(inherited)",
					"@executable_path/Frameworks",
				);
				PRODUCT_BUNDLE_IDENTIFIER = kaiserdem.NotificationsTest;
				PRODUCT_NAME = "$(TARGET_NAME)";
				SWIFT_VERSION = 4.2;
				TARGETED_DEVICE_FAMILY = "1,2";
			};
			name = Debug;
		};
		AD6208B42312D32800134AB1 /* Release */ = {
			isa = XCBuildConfiguration;
			baseConfigurationReference = BDC97E69F0BEEF0134CF456F /* Pods-FriendlyChat.release.xcconfig */;
			buildSettings = {
				ASSETCATALOG_COMPILER_APPICON_NAME = AppIcon;
				CODE_SIGN_STYLE = Automatic;
				DEVELOPMENT_TEAM = Q2TWT4N9WP;
				INFOPLIST_FILE = FriendlyChat/Info.plist;
				LD_RUNPATH_SEARCH_PATHS = (
					"$(inherited)",
					"@executable_path/Frameworks",
				);
				PRODUCT_BUNDLE_IDENTIFIER = kaiserdem.NotificationsTest;
				PRODUCT_NAME = "$(TARGET_NAME)";
				SWIFT_VERSION = 4.2;
				TARGETED_DEVICE_FAMILY = "1,2";
			};
			name = Release;
		};
/* End XCBuildConfiguration section */

/* Begin XCConfigurationList section */
		AD6208992312D32700134AB1 /* Build configuration list for PBXProject "FriendlyChat" */ = {
			isa = XCConfigurationList;
			buildConfigurations = (
				AD6208B02312D32800134AB1 /* Debug */,
				AD6208B12312D32800134AB1 /* Release */,
			);
			defaultConfigurationIsVisible = 0;
			defaultConfigurationName = Release;
		};
		AD6208B22312D32800134AB1 /* Build configuration list for PBXNativeTarget "FriendlyChat" */ = {
			isa = XCConfigurationList;
			buildConfigurations = (
				AD6208B32312D32800134AB1 /* Debug */,
				AD6208B42312D32800134AB1 /* Release */,
			);
			defaultConfigurationIsVisible = 0;
			defaultConfigurationName = Release;
		};
/* End XCConfigurationList section */
	};
	rootObject = AD6208962312D32700134AB1 /* Project object */;
}
